// !$*UTF8*$!
{
	archiveVersion = 1;
	classes = {
	};
	objectVersion = 46;
	objects = {

/* Begin PBXBuildFile section */
		9E629CF31E6EE6930008804D /* AppDelegate.swift in Sources */ = {isa = PBXBuildFile; fileRef = 9E629CF21E6EE6930008804D /* AppDelegate.swift */; };
		9E629CF81E6EE6930008804D /* Main.storyboard in Resources */ = {isa = PBXBuildFile; fileRef = 9E629CF61E6EE6930008804D /* Main.storyboard */; };
		9E629CFA1E6EE6930008804D /* Assets.xcassets in Resources */ = {isa = PBXBuildFile; fileRef = 9E629CF91E6EE6930008804D /* Assets.xcassets */; };
		9E629CFD1E6EE6930008804D /* LaunchScreen.storyboard in Resources */ = {isa = PBXBuildFile; fileRef = 9E629CFB1E6EE6930008804D /* LaunchScreen.storyboard */; };
		9E629D051E6EEAC20008804D /* TeamListTableViewController.swift in Sources */ = {isa = PBXBuildFile; fileRef = 9E629D041E6EEAC20008804D /* TeamListTableViewController.swift */; };
		A831CF914F780314D0BBC124 /* Pods_Meet_the_Team.framework in Frameworks */ = {isa = PBXBuildFile; fileRef = 366B84CBD33B89B0666EB6D9 /* Pods_Meet_the_Team.framework */; };
/* End PBXBuildFile section */

/* Begin PBXFileReference section */
		366B84CBD33B89B0666EB6D9 /* Pods_Meet_the_Team.framework */ = {isa = PBXFileReference; explicitFileType = wrapper.framework; includeInIndex = 0; path = Pods_Meet_the_Team.framework; sourceTree = BUILT_PRODUCTS_DIR; };
		9E629CEF1E6EE6930008804D /* Meet the Team.app */ = {isa = PBXFileReference; explicitFileType = wrapper.application; includeInIndex = 0; path = "Meet the Team.app"; sourceTree = BUILT_PRODUCTS_DIR; };
		9E629CF21E6EE6930008804D /* AppDelegate.swift */ = {isa = PBXFileReference; lastKnownFileType = sourcecode.swift; path = AppDelegate.swift; sourceTree = "<group>"; };
		9E629CF71E6EE6930008804D /* Base */ = {isa = PBXFileReference; lastKnownFileType = file.storyboard; name = Base; path = Base.lproj/Main.storyboard; sourceTree = "<group>"; };
		9E629CF91E6EE6930008804D /* Assets.xcassets */ = {isa = PBXFileReference; lastKnownFileType = folder.assetcatalog; path = Assets.xcassets; sourceTree = "<group>"; };
		9E629CFC1E6EE6930008804D /* Base */ = {isa = PBXFileReference; lastKnownFileType = file.storyboard; name = Base; path = Base.lproj/LaunchScreen.storyboard; sourceTree = "<group>"; };
		9E629CFE1E6EE6930008804D /* Info.plist */ = {isa = PBXFileReference; lastKnownFileType = text.plist.xml; path = Info.plist; sourceTree = "<group>"; };
		9E629D041E6EEAC20008804D /* TeamListTableViewController.swift */ = {isa = PBXFileReference; fileEncoding = 4; lastKnownFileType = sourcecode.swift; path = TeamListTableViewController.swift; sourceTree = "<group>"; };
		A4CF40601A6111D24E0AA079 /* Pods-Meet the Team.debug.xcconfig */ = {isa = PBXFileReference; includeInIndex = 1; lastKnownFileType = text.xcconfig; name = "Pods-Meet the Team.debug.xcconfig"; path = "Pods/Target Support Files/Pods-Meet the Team/Pods-Meet the Team.debug.xcconfig"; sourceTree = "<group>"; };
		E17068D7520249C311A75268 /* Pods-Meet the Team.release.xcconfig */ = {isa = PBXFileReference; includeInIndex = 1; lastKnownFileType = text.xcconfig; name = "Pods-Meet the Team.release.xcconfig"; path = "Pods/Target Support Files/Pods-Meet the Team/Pods-Meet the Team.release.xcconfig"; sourceTree = "<group>"; };
/* End PBXFileReference section */

/* Begin PBXFrameworksBuildPhase section */
		9E629CEC1E6EE6930008804D /* Frameworks */ = {
			isa = PBXFrameworksBuildPhase;
			buildActionMask = 2147483647;
			files = (
				A831CF914F780314D0BBC124 /* Pods_Meet_the_Team.framework in Frameworks */,
			);
			runOnlyForDeploymentPostprocessing = 0;
		};
/* End PBXFrameworksBuildPhase section */

/* Begin PBXGroup section */
		40634D78C677D891F00245F6 /* Pods */ = {
			isa = PBXGroup;
			children = (
				A4CF40601A6111D24E0AA079 /* Pods-Meet the Team.debug.xcconfig */,
				E17068D7520249C311A75268 /* Pods-Meet the Team.release.xcconfig */,
			);
			name = Pods;
			sourceTree = "<group>";
		};
		6E6445143949FBA58D6FAF47 /* Frameworks */ = {
			isa = PBXGroup;
			children = (
				366B84CBD33B89B0666EB6D9 /* Pods_Meet_the_Team.framework */,
			);
			name = Frameworks;
			sourceTree = "<group>";
		};
		9E629CE61E6EE6920008804D = {
			isa = PBXGroup;
			children = (
				9E629CF11E6EE6930008804D /* Meet the Team */,
				9E629CF01E6EE6930008804D /* Products */,
				40634D78C677D891F00245F6 /* Pods */,
				6E6445143949FBA58D6FAF47 /* Frameworks */,
			);
			sourceTree = "<group>";
		};
		9E629CF01E6EE6930008804D /* Products */ = {
			isa = PBXGroup;
			children = (
				9E629CEF1E6EE6930008804D /* Meet the Team.app */,
			);
			name = Products;
			sourceTree = "<group>";
		};
		9E629CF11E6EE6930008804D /* Meet the Team */ = {
			isa = PBXGroup;
			children = (
				9E629CF21E6EE6930008804D /* AppDelegate.swift */,
				9E629D041E6EEAC20008804D /* TeamListTableViewController.swift */,
				9E629CF61E6EE6930008804D /* Main.storyboard */,
				9E629CF91E6EE6930008804D /* Assets.xcassets */,
				9E629CFB1E6EE6930008804D /* LaunchScreen.storyboard */,
				9E629CFE1E6EE6930008804D /* Info.plist */,
			);
			path = "Meet the Team";
			sourceTree = "<group>";
		};
/* End PBXGroup section */

/* Begin PBXNativeTarget section */
		9E629CEE1E6EE6930008804D /* Meet the Team */ = {
			isa = PBXNativeTarget;
			buildConfigurationList = 9E629D011E6EE6930008804D /* Build configuration list for PBXNativeTarget "Meet the Team" */;
			buildPhases = (
				93315080BE5209A99E649C66 /* [CP] Check Pods Manifest.lock */,
				9E629CEB1E6EE6930008804D /* Sources */,
				9E629CEC1E6EE6930008804D /* Frameworks */,
				9E629CED1E6EE6930008804D /* Resources */,
				A8D7526D30D8C57B18501B64 /* [CP] Embed Pods Frameworks */,
				88405F8DF6D2F9C3FCA522F5 /* [CP] Copy Pods Resources */,
			);
			buildRules = (
			);
			dependencies = (
			);
			name = "Meet the Team";
			productName = "Meet the Team";
			productReference = 9E629CEF1E6EE6930008804D /* Meet the Team.app */;
			productType = "com.apple.product-type.application";
		};
/* End PBXNativeTarget section */

/* Begin PBXProject section */
		9E629CE71E6EE6920008804D /* Project object */ = {
			isa = PBXProject;
			attributes = {
				LastSwiftUpdateCheck = 0820;
				LastUpgradeCheck = 0820;
				ORGANIZATIONNAME = "Serguei Vinnitskii";
				TargetAttributes = {
					9E629CEE1E6EE6930008804D = {
						CreatedOnToolsVersion = 8.2.1;
						DevelopmentTeam = 5W74E9U5N8;
						ProvisioningStyle = Automatic;
					};
				};
			};
			buildConfigurationList = 9E629CEA1E6EE6920008804D /* Build configuration list for PBXProject "Meet the Team" */;
			compatibilityVersion = "Xcode 3.2";
			developmentRegion = English;
			hasScannedForEncodings = 0;
			knownRegions = (
				en,
				Base,
			);
			mainGroup = 9E629CE61E6EE6920008804D;
			productRefGroup = 9E629CF01E6EE6930008804D /* Products */;
			projectDirPath = "";
			projectRoot = "";
			targets = (
				9E629CEE1E6EE6930008804D /* Meet the Team */,
			);
		};
/* End PBXProject section */

/* Begin PBXResourcesBuildPhase section */
		9E629CED1E6EE6930008804D /* Resources */ = {
			isa = PBXResourcesBuildPhase;
			buildActionMask = 2147483647;
			files = (
				9E629CFD1E6EE6930008804D /* LaunchScreen.storyboard in Resources */,
				9E629CFA1E6EE6930008804D /* Assets.xcassets in Resources */,
				9E629CF81E6EE6930008804D /* Main.storyboard in Resources */,
			);
			runOnlyForDeploymentPostprocessing = 0;
		};
/* End PBXResourcesBuildPhase section */

/* Begin PBXShellScriptBuildPhase section */
		88405F8DF6D2F9C3FCA522F5 /* [CP] Copy Pods Resources */ = {
			isa = PBXShellScriptBuildPhase;
			buildActionMask = 2147483647;
			files = (
			);
			inputPaths = (
			);
			name = "[CP] Copy Pods Resources";
			outputPaths = (
			);
			runOnlyForDeploymentPostprocessing = 0;
			shellPath = /bin/sh;
			shellScript = "\"${SRCROOT}/Pods/Target Support Files/Pods-Meet the Team/Pods-Meet the Team-resources.sh\"\n";
			showEnvVarsInLog = 0;
		};
		93315080BE5209A99E649C66 /* [CP] Check Pods Manifest.lock */ = {
			isa = PBXShellScriptBuildPhase;
			buildActionMask = 2147483647;
			files = (
			);
			inputPaths = (
			);
			name = "[CP] Check Pods Manifest.lock";
			outputPaths = (
			);
			runOnlyForDeploymentPostprocessing = 0;
			shellPath = /bin/sh;
			shellScript = "diff \"${PODS_ROOT}/../Podfile.lock\" \"${PODS_ROOT}/Manifest.lock\" > /dev/null\nif [ $? != 0 ] ; then\n    # print error to STDERR\n    echo \"error: The sandbox is not in sync with the Podfile.lock. Run 'pod install' or update your CocoaPods installation.\" >&2\n    exit 1\nfi\n";
			showEnvVarsInLog = 0;
		};
		A8D7526D30D8C57B18501B64 /* [CP] Embed Pods Frameworks */ = {
			isa = PBXShellScriptBuildPhase;
			buildActionMask = 2147483647;
			files = (
			);
			inputPaths = (
			);
			name = "[CP] Embed Pods Frameworks";
			outputPaths = (
			);
			runOnlyForDeploymentPostprocessing = 0;
			shellPath = /bin/sh;
			shellScript = "\"${SRCROOT}/Pods/Target Support Files/Pods-Meet the Team/Pods-Meet the Team-frameworks.sh\"\n";
			showEnvVarsInLog = 0;
		};
/* End PBXShellScriptBuildPhase section */

/* Begin PBXSourcesBuildPhase section */
		9E629CEB1E6EE6930008804D /* Sources */ = {
			isa = PBXSourcesBuildPhase;
			buildActionMask = 2147483647;
			files = (
				9E629D051E6EEAC20008804D /* TeamListTableViewController.swift in Sources */,
				9E629CF31E6EE6930008804D /* AppDelegate.swift in Sources */,
			);
			runOnlyForDeploymentPostprocessing = 0;
		};
/* End PBXSourcesBuildPhase section */

/* Begin PBXVariantGroup section */
		9E629CF61E6EE6930008804D /* Main.storyboard */ = {
			isa = PBXVariantGroup;
			children = (
				9E629CF71E6EE6930008804D /* Base */,
			);
			name = Main.storyboard;
			sourceTree = "<group>";
		};
		9E629CFB1E6EE6930008804D /* LaunchScreen.storyboard */ = {
			isa = PBXVariantGroup;
			children = (
				9E629CFC1E6EE6930008804D /* Base */,
			);
			name = LaunchScreen.storyboard;
			sourceTree = "<group>";
		};
/* End PBXVariantGroup section */

/* Begin XCBuildConfiguration section */
		9E629CFF1E6EE6930008804D /* Debug */ = {
			isa = XCBuildConfiguration;
			buildSettings = {
				ALWAYS_SEARCH_USER_PATHS = NO;
				CLANG_ANALYZER_NONNULL = YES;
				CLANG_CXX_LANGUAGE_STANDARD = "gnu++0x";
				CLANG_CXX_LIBRARY = "libc++";
				CLANG_ENABLE_MODULES = YES;
				CLANG_ENABLE_OBJC_ARC = YES;
				CLANG_WARN_BOOL_CONVERSION = YES;
				CLANG_WARN_CONSTANT_CONVERSION = YES;
				CLANG_WARN_DIRECT_OBJC_ISA_USAGE = YES_ERROR;
				CLANG_WARN_DOCUMENTATION_COMMENTS = YES;
				CLANG_WARN_EMPTY_BODY = YES;
				CLANG_WARN_ENUM_CONVERSION = YES;
				CLANG_WARN_INFINITE_RECURSION = YES;
				CLANG_WARN_INT_CONVERSION = YES;
				CLANG_WARN_OBJC_ROOT_CLASS = YES_ERROR;
				CLANG_WARN_SUSPICIOUS_MOVE = YES;
				CLANG_WARN_UNREACHABLE_CODE = YES;
				CLANG_WARN__DUPLICATE_METHOD_MATCH = YES;
				"CODE_SIGN_IDENTITY[sdk=iphoneos*]" = "iPhone Developer";
				COPY_PHASE_STRIP = NO;
				DEBUG_INFORMATION_FORMAT = dwarf;
				ENABLE_STRICT_OBJC_MSGSEND = YES;
				ENABLE_TESTABILITY = YES;
				GCC_C_LANGUAGE_STANDARD = gnu99;
				GCC_DYNAMIC_NO_PIC = NO;
				GCC_NO_COMMON_BLOCKS = YES;
				GCC_OPTIMIZATION_LEVEL = 0;
				GCC_PREPROCESSOR_DEFINITIONS = (
					"DEBUG=1",
					"$(inherited)",
				);
				GCC_WARN_64_TO_32_BIT_CONVERSION = YES;
				GCC_WARN_ABOUT_RETURN_TYPE = YES_ERROR;
				GCC_WARN_UNDECLARED_SELECTOR = YES;
				GCC_WARN_UNINITIALIZED_AUTOS = YES_AGGRESSIVE;
				GCC_WARN_UNUSED_FUNCTION = YES;
				GCC_WARN_UNUSED_VARIABLE = YES;
				IPHONEOS_DEPLOYMENT_TARGET = 10.2;
				MTL_ENABLE_DEBUG_INFO = YES;
				ONLY_ACTIVE_ARCH = YES;
				SDKROOT = iphoneos;
				SWIFT_ACTIVE_COMPILATION_CONDITIONS = DEBUG;
				SWIFT_OPTIMIZATION_LEVEL = "-Onone";
				TARGETED_DEVICE_FAMILY = "1,2";
			};
			name = Debug;
		};
		9E629D001E6EE6930008804D /* Release */ = {
			isa = XCBuildConfiguration;
			buildSettings = {
				ALWAYS_SEARCH_USER_PATHS = NO;
				CLANG_ANALYZER_NONNULL = YES;
				CLANG_CXX_LANGUAGE_STANDARD = "gnu++0x";
				CLANG_CXX_LIBRARY = "libc++";
				CLANG_ENABLE_MODULES = YES;
				CLANG_ENABLE_OBJC_ARC = YES;
				CLANG_WARN_BOOL_CONVERSION = YES;
				CLANG_WARN_CONSTANT_CONVERSION = YES;
				CLANG_WARN_DIRECT_OBJC_ISA_USAGE = YES_ERROR;
				CLANG_WARN_DOCUMENTATION_COMMENTS = YES;
				CLANG_WARN_EMPTY_BODY = YES;
				CLANG_WARN_ENUM_CONVERSION = YES;
				CLANG_WARN_INFINITE_RECURSION = YES;
				CLANG_WARN_INT_CONVERSION = YES;
				CLANG_WARN_OBJC_ROOT_CLASS = YES_ERROR;
				CLANG_WARN_SUSPICIOUS_MOVE = YES;
				CLANG_WARN_UNREACHABLE_CODE = YES;
				CLANG_WARN__DUPLICATE_METHOD_MATCH = YES;
				"CODE_SIGN_IDENTITY[sdk=iphoneos*]" = "iPhone Developer";
				COPY_PHASE_STRIP = NO;
				DEBUG_INFORMATION_FORMAT = "dwarf-with-dsym";
				ENABLE_NS_ASSERTIONS = NO;
				ENABLE_STRICT_OBJC_MSGSEND = YES;
				GCC_C_LANGUAGE_STANDARD = gnu99;
				GCC_NO_COMMON_BLOCKS = YES;
				GCC_WARN_64_TO_32_BIT_CONVERSION = YES;
				GCC_WARN_ABOUT_RETURN_TYPE = YES_ERROR;
				GCC_WARN_UNDECLARED_SELECTOR = YES;
				GCC_WARN_UNINITIALIZED_AUTOS = YES_AGGRESSIVE;
				GCC_WARN_UNUSED_FUNCTION = YES;
				GCC_WARN_UNUSED_VARIABLE = YES;
				IPHONEOS_DEPLOYMENT_TARGET = 10.2;
				MTL_ENABLE_DEBUG_INFO = NO;
				SDKROOT = iphoneos;
				SWIFT_OPTIMIZATION_LEVEL = "-Owholemodule";
				TARGETED_DEVICE_FAMILY = "1,2";
				VALIDATE_PRODUCT = YES;
			};
			name = Release;
		};
		9E629D021E6EE6930008804D /* Debug */ = {
			isa = XCBuildConfiguration;
			baseConfigurationReference = A4CF40601A6111D24E0AA079 /* Pods-Meet the Team.debug.xcconfig */;
			buildSettings = {
				ASSETCATALOG_COMPILER_APPICON_NAME = AppIcon;
				DEVELOPMENT_TEAM = 5W74E9U5N8;
				INFOPLIST_FILE = "Meet the Team/Info.plist";
				LD_RUNPATH_SEARCH_PATHS = "$(inherited) @executable_path/Frameworks";
				PRODUCT_BUNDLE_IDENTIFIER = "com.GeekearyCo.Meet-the-Team";
				PRODUCT_NAME = "$(TARGET_NAME)";
				SWIFT_VERSION = 3.0;
			};
			name = Debug;
		};
		9E629D031E6EE6930008804D /* Release */ = {
			isa = XCBuildConfiguration;
			baseConfigurationReference = E17068D7520249C311A75268 /* Pods-Meet the Team.release.xcconfig */;
			buildSettings = {
				ASSETCATALOG_COMPILER_APPICON_NAME = AppIcon;
				DEVELOPMENT_TEAM = 5W74E9U5N8;
				INFOPLIST_FILE = "Meet the Team/Info.plist";
				LD_RUNPATH_SEARCH_PATHS = "$(inherited) @executable_path/Frameworks";
				PRODUCT_BUNDLE_IDENTIFIER = "com.GeekearyCo.Meet-the-Team";
				PRODUCT_NAME = "$(TARGET_NAME)";
				SWIFT_VERSION = 3.0;
			};
			name = Release;
		};
/* End XCBuildConfiguration section */

/* Begin XCConfigurationList section */
		9E629CEA1E6EE6920008804D /* Build configuration list for PBXProject "Meet the Team" */ = {
			isa = XCConfigurationList;
			buildConfigurations = (
				9E629CFF1E6EE6930008804D /* Debug */,
				9E629D001E6EE6930008804D /* Release */,
			);
			defaultConfigurationIsVisible = 0;
			defaultConfigurationName = Release;
		};
		9E629D011E6EE6930008804D /* Build configuration list for PBXNativeTarget "Meet the Team" */ = {
			isa = XCConfigurationList;
			buildConfigurations = (
				9E629D021E6EE6930008804D /* Debug */,
				9E629D031E6EE6930008804D /* Release */,
			);
			defaultConfigurationIsVisible = 0;
			defaultConfigurationName = Release;
		};
/* End XCConfigurationList section */
	};
	rootObject = 9E629CE71E6EE6920008804D /* Project object */;
}
